
Microsoft Visual Studio Solution File, Format Version 12.00
# Visual Studio 14
VisualStudioVersion = 14.0.23107.0
MinimumVisualStudioVersion = 10.0.40219.1
Project("{8BC9CEB8-8B4A-11D0-8D11-00A0C91BC942}") = "test_suite", "test_suite\test_suite.vcxproj", "{EB424188-5035-4AC8-AB8C-CECE5682E6FB}"
EndProject
Project("{2150E333-8FDC-42A3-9474-1A3956D46DE8}") = "Solution Items", "Solution Items", "{0B0E4583-AF37-4B84-957C-F0C24319DC08}"
	ProjectSection(SolutionItems) = preProject
		..\.gitignore = ..\.gitignore
		..\README.md = ..\README.md
	EndProjectSection
EndProject
Global
	GlobalSection(SolutionConfigurationPlatforms) = preSolution
		Debug|x64 = Debug|x64
		Debug|x86 = Debug|x86
		Release|x64 = Release|x64
		Release|x86 = Release|x86
	EndGlobalSection
	GlobalSection(ProjectConfigurationPlatforms) = postSolution
		{EB424188-5035-4AC8-AB8C-CECE5682E6FB}.Debug|x64.ActiveCfg = Debug|x64
		{EB424188-5035-4AC8-AB8C-CECE5682E6FB}.Debug|x64.Build.0 = Debug|x64
		{EB424188-5035-4AC8-AB8C-CECE5682E6FB}.Debug|x86.ActiveCfg = Debug|Win32
		{EB424188-5035-4AC8-AB8C-CECE5682E6FB}.Debug|x86.Build.0 = Debug|Win32
		{EB424188-5035-4AC8-AB8C-CECE5682E6FB}.Release|x64.ActiveCfg = Release|x64
		{EB424188-5035-4AC8-AB8C-CECE5682E6FB}.Release|x64.Build.0 = Release|x64
		{EB424188-5035-4AC8-AB8C-CECE5682E6FB}.Release|x86.ActiveCfg = Release|Win32
		{EB424188-5035-4AC8-AB8C-CECE5682E6FB}.Release|x86.Build.0 = Release|Win32
	EndGlobalSection
	GlobalSection(SolutionProperties) = preSolution
		HideSolutionNode = FALSE
	EndGlobalSection
EndGlobal
